// !$*UTF8*$!
{
	archiveVersion = 1;
	classes = {
	};
	objectVersion = 48;
	objects = {

/* Begin PBXBuildFile section */
		0401E0E120714F238D48A62C /* Pods_CKPokedex.framework in Frameworks */ = {isa = PBXBuildFile; fileRef = DA768E5008BBD70866AD5096 /* Pods_CKPokedex.framework */; };
		1824DD2D1FCC9EBC00896771 /* ValueLabel.swift in Sources */ = {isa = PBXBuildFile; fileRef = 1824DD2C1FCC9EBC00896771 /* ValueLabel.swift */; };
		1824DD301FCCA1E900896771 /* OCRAStd.otf in Resources */ = {isa = PBXBuildFile; fileRef = 1824DD2F1FCCA1E900896771 /* OCRAStd.otf */; };
		1824DD331FCCA97B00896771 /* NetworkService.swift in Sources */ = {isa = PBXBuildFile; fileRef = 1824DD321FCCA97B00896771 /* NetworkService.swift */; };
		1824DD351FCCAB7900896771 /* ErrorService.swift in Sources */ = {isa = PBXBuildFile; fileRef = 1824DD341FCCAB7900896771 /* ErrorService.swift */; };
		1824DD381FCD718700896771 /* NSObject+Extension.swift in Sources */ = {isa = PBXBuildFile; fileRef = 1824DD371FCD718700896771 /* NSObject+Extension.swift */; };
		1824DD3A1FCDAA8E00896771 /* PokemonData.swift in Sources */ = {isa = PBXBuildFile; fileRef = 1824DD391FCDAA8E00896771 /* PokemonData.swift */; };
		1824DD3C1FCDAD8400896771 /* Pokemon.swift in Sources */ = {isa = PBXBuildFile; fileRef = 1824DD3B1FCDAD8400896771 /* Pokemon.swift */; };
		1824DD3E1FCDB03D00896771 /* PokemonNetwork.swift in Sources */ = {isa = PBXBuildFile; fileRef = 1824DD3D1FCDB03D00896771 /* PokemonNetwork.swift */; };
		1824DD401FCDB07A00896771 /* Path.swift in Sources */ = {isa = PBXBuildFile; fileRef = 1824DD3F1FCDB07A00896771 /* Path.swift */; };
		182A2B8B1FCDE3C500784361 /* String + Extension.swift in Sources */ = {isa = PBXBuildFile; fileRef = 182A2B8A1FCDE3C500784361 /* String + Extension.swift */; };
		1847F3211FC812140047DB4D /* CKPokemonIndexController.swift in Sources */ = {isa = PBXBuildFile; fileRef = 1847F3201FC812140047DB4D /* CKPokemonIndexController.swift */; };
		185299281FE3F0AE00844F7A /* DatabaseService.swift in Sources */ = {isa = PBXBuildFile; fileRef = 185299271FE3F0AE00844F7A /* DatabaseService.swift */; };
		186B4C821FC9F2CB00B85F9C /* PokeCenter.swift in Sources */ = {isa = PBXBuildFile; fileRef = 186B4C811FC9F2CB00B85F9C /* PokeCenter.swift */; };
		18E8D87F1FE72D0000C2D37A /* Userdefaults+Extensions.swift in Sources */ = {isa = PBXBuildFile; fileRef = 18E8D87E1FE72D0000C2D37A /* Userdefaults+Extensions.swift */; };
		18E900FC1FBF5D5E0036F5D3 /* AppDelegate.swift in Sources */ = {isa = PBXBuildFile; fileRef = 18E900FB1FBF5D5E0036F5D3 /* AppDelegate.swift */; };
		18E901011FBF5D5E0036F5D3 /* Main.storyboard in Resources */ = {isa = PBXBuildFile; fileRef = 18E900FF1FBF5D5E0036F5D3 /* Main.storyboard */; };
		18E901031FBF5D5E0036F5D3 /* Assets.xcassets in Resources */ = {isa = PBXBuildFile; fileRef = 18E901021FBF5D5E0036F5D3 /* Assets.xcassets */; };
		18E901061FBF5D5E0036F5D3 /* LaunchScreen.storyboard in Resources */ = {isa = PBXBuildFile; fileRef = 18E901041FBF5D5E0036F5D3 /* LaunchScreen.storyboard */; };
		18E9010F1FBF5FBC0036F5D3 /* CKPokeCell.swift in Sources */ = {isa = PBXBuildFile; fileRef = 18E9010E1FBF5FBC0036F5D3 /* CKPokeCell.swift */; };
		18E901111FBF60BD0036F5D3 /* HomeController.swift in Sources */ = {isa = PBXBuildFile; fileRef = 18E901101FBF60BD0036F5D3 /* HomeController.swift */; };
		18FE44171FED5B9700810E67 /* NavigationController.swift in Sources */ = {isa = PBXBuildFile; fileRef = 18FE44161FED5B9600810E67 /* NavigationController.swift */; };
		18FF3AE61FE641E0005156FB /* LoginViewController.swift in Sources */ = {isa = PBXBuildFile; fileRef = 18FF3AE51FE641E0005156FB /* LoginViewController.swift */; };
		18FF3AE81FE64D00005156FB /* UIColor+Extension.swift in Sources */ = {isa = PBXBuildFile; fileRef = 18FF3AE71FE64D00005156FB /* UIColor+Extension.swift */; };
		18FF3AEB1FE66132005156FB /* ActivityIndicatorChildVC.swift in Sources */ = {isa = PBXBuildFile; fileRef = 18FF3AEA1FE66132005156FB /* ActivityIndicatorChildVC.swift */; };
		18FF3AED1FE6618A005156FB /* UIViewController+Extension.swift in Sources */ = {isa = PBXBuildFile; fileRef = 18FF3AEC1FE6618A005156FB /* UIViewController+Extension.swift */; };
/* End PBXBuildFile section */

/* Begin PBXFileReference section */
		1824DD2C1FCC9EBC00896771 /* ValueLabel.swift */ = {isa = PBXFileReference; lastKnownFileType = sourcecode.swift; path = ValueLabel.swift; sourceTree = "<group>"; };
		1824DD2F1FCCA1E900896771 /* OCRAStd.otf */ = {isa = PBXFileReference; lastKnownFileType = file; path = OCRAStd.otf; sourceTree = "<group>"; };
		1824DD321FCCA97B00896771 /* NetworkService.swift */ = {isa = PBXFileReference; lastKnownFileType = sourcecode.swift; path = NetworkService.swift; sourceTree = "<group>"; };
		1824DD341FCCAB7900896771 /* ErrorService.swift */ = {isa = PBXFileReference; lastKnownFileType = sourcecode.swift; path = ErrorService.swift; sourceTree = "<group>"; };
		1824DD371FCD718700896771 /* NSObject+Extension.swift */ = {isa = PBXFileReference; lastKnownFileType = sourcecode.swift; path = "NSObject+Extension.swift"; sourceTree = "<group>"; };
		1824DD391FCDAA8E00896771 /* PokemonData.swift */ = {isa = PBXFileReference; lastKnownFileType = sourcecode.swift; path = PokemonData.swift; sourceTree = "<group>"; };
		1824DD3B1FCDAD8400896771 /* Pokemon.swift */ = {isa = PBXFileReference; lastKnownFileType = sourcecode.swift; path = Pokemon.swift; sourceTree = "<group>"; };
		1824DD3D1FCDB03D00896771 /* PokemonNetwork.swift */ = {isa = PBXFileReference; lastKnownFileType = sourcecode.swift; path = PokemonNetwork.swift; sourceTree = "<group>"; };
		1824DD3F1FCDB07A00896771 /* Path.swift */ = {isa = PBXFileReference; lastKnownFileType = sourcecode.swift; path = Path.swift; sourceTree = "<group>"; };
		182A2B8A1FCDE3C500784361 /* String + Extension.swift */ = {isa = PBXFileReference; lastKnownFileType = sourcecode.swift; path = "String + Extension.swift"; sourceTree = "<group>"; };
		1847F3201FC812140047DB4D /* CKPokemonIndexController.swift */ = {isa = PBXFileReference; lastKnownFileType = sourcecode.swift; path = CKPokemonIndexController.swift; sourceTree = "<group>"; };
		185299271FE3F0AE00844F7A /* DatabaseService.swift */ = {isa = PBXFileReference; lastKnownFileType = sourcecode.swift; path = DatabaseService.swift; sourceTree = "<group>"; };
		186B4C811FC9F2CB00B85F9C /* PokeCenter.swift */ = {isa = PBXFileReference; lastKnownFileType = sourcecode.swift; path = PokeCenter.swift; sourceTree = "<group>"; };
		18E8D87E1FE72D0000C2D37A /* Userdefaults+Extensions.swift */ = {isa = PBXFileReference; lastKnownFileType = sourcecode.swift; path = "Userdefaults+Extensions.swift"; sourceTree = "<group>"; };
		18E900F81FBF5D5E0036F5D3 /* CKPokedex.app */ = {isa = PBXFileReference; explicitFileType = wrapper.application; includeInIndex = 0; path = CKPokedex.app; sourceTree = BUILT_PRODUCTS_DIR; };
		18E900FB1FBF5D5E0036F5D3 /* AppDelegate.swift */ = {isa = PBXFileReference; lastKnownFileType = sourcecode.swift; path = AppDelegate.swift; sourceTree = "<group>"; };
		18E901001FBF5D5E0036F5D3 /* Base */ = {isa = PBXFileReference; lastKnownFileType = file.storyboard; name = Base; path = Base.lproj/Main.storyboard; sourceTree = "<group>"; };
		18E901021FBF5D5E0036F5D3 /* Assets.xcassets */ = {isa = PBXFileReference; lastKnownFileType = folder.assetcatalog; path = Assets.xcassets; sourceTree = "<group>"; };
		18E901051FBF5D5E0036F5D3 /* Base */ = {isa = PBXFileReference; lastKnownFileType = file.storyboard; name = Base; path = Base.lproj/LaunchScreen.storyboard; sourceTree = "<group>"; };
		18E901071FBF5D5E0036F5D3 /* Info.plist */ = {isa = PBXFileReference; lastKnownFileType = text.plist.xml; path = Info.plist; sourceTree = "<group>"; };
		18E9010E1FBF5FBC0036F5D3 /* CKPokeCell.swift */ = {isa = PBXFileReference; lastKnownFileType = sourcecode.swift; path = CKPokeCell.swift; sourceTree = "<group>"; };
		18E901101FBF60BD0036F5D3 /* HomeController.swift */ = {isa = PBXFileReference; lastKnownFileType = sourcecode.swift; path = HomeController.swift; sourceTree = "<group>"; };
		18FE44161FED5B9600810E67 /* NavigationController.swift */ = {isa = PBXFileReference; lastKnownFileType = sourcecode.swift; path = NavigationController.swift; sourceTree = "<group>"; };
		18FF3AE51FE641E0005156FB /* LoginViewController.swift */ = {isa = PBXFileReference; lastKnownFileType = sourcecode.swift; path = LoginViewController.swift; sourceTree = "<group>"; };
		18FF3AE71FE64D00005156FB /* UIColor+Extension.swift */ = {isa = PBXFileReference; lastKnownFileType = sourcecode.swift; path = "UIColor+Extension.swift"; sourceTree = "<group>"; };
		18FF3AEA1FE66132005156FB /* ActivityIndicatorChildVC.swift */ = {isa = PBXFileReference; lastKnownFileType = sourcecode.swift; path = ActivityIndicatorChildVC.swift; sourceTree = "<group>"; };
		18FF3AEC1FE6618A005156FB /* UIViewController+Extension.swift */ = {isa = PBXFileReference; lastKnownFileType = sourcecode.swift; path = "UIViewController+Extension.swift"; sourceTree = "<group>"; };
		1C3B026F87F22FB87B3308AA /* Pods-CKPokedex.release.xcconfig */ = {isa = PBXFileReference; includeInIndex = 1; lastKnownFileType = text.xcconfig; name = "Pods-CKPokedex.release.xcconfig"; path = "Pods/Target Support Files/Pods-CKPokedex/Pods-CKPokedex.release.xcconfig"; sourceTree = "<group>"; };
		847271E4321B79F35A7D8ABC /* Pods-CKPokedex.debug.xcconfig */ = {isa = PBXFileReference; includeInIndex = 1; lastKnownFileType = text.xcconfig; name = "Pods-CKPokedex.debug.xcconfig"; path = "Pods/Target Support Files/Pods-CKPokedex/Pods-CKPokedex.debug.xcconfig"; sourceTree = "<group>"; };
		DA768E5008BBD70866AD5096 /* Pods_CKPokedex.framework */ = {isa = PBXFileReference; explicitFileType = wrapper.framework; includeInIndex = 0; path = Pods_CKPokedex.framework; sourceTree = BUILT_PRODUCTS_DIR; };
/* End PBXFileReference section */

/* Begin PBXFrameworksBuildPhase section */
		18E900F51FBF5D5E0036F5D3 /* Frameworks */ = {
			isa = PBXFrameworksBuildPhase;
			buildActionMask = 2147483647;
			files = (
				0401E0E120714F238D48A62C /* Pods_CKPokedex.framework in Frameworks */,
			);
			runOnlyForDeploymentPostprocessing = 0;
		};
/* End PBXFrameworksBuildPhase section */

/* Begin PBXGroup section */
		1824DD2E1FCCA1D300896771 /* Fonts */ = {
			isa = PBXGroup;
			children = (
				1824DD2F1FCCA1E900896771 /* OCRAStd.otf */,
			);
			path = Fonts;
			sourceTree = "<group>";
		};
		1824DD311FCCA96C00896771 /* Networking */ = {
			isa = PBXGroup;
			children = (
				1824DD321FCCA97B00896771 /* NetworkService.swift */,
				1824DD3D1FCDB03D00896771 /* PokemonNetwork.swift */,
				1824DD3F1FCDB07A00896771 /* Path.swift */,
			);
			path = Networking;
			sourceTree = "<group>";
		};
		1824DD361FCD717300896771 /* Extensions */ = {
			isa = PBXGroup;
			children = (
				1824DD371FCD718700896771 /* NSObject+Extension.swift */,
				182A2B8A1FCDE3C500784361 /* String + Extension.swift */,
				18FF3AE71FE64D00005156FB /* UIColor+Extension.swift */,
				18E8D87E1FE72D0000C2D37A /* Userdefaults+Extensions.swift */,
			);
			path = Extensions;
			sourceTree = "<group>";
		};
		1847F31D1FC811BF0047DB4D /* Controllers */ = {
			isa = PBXGroup;
			children = (
				1847F3201FC812140047DB4D /* CKPokemonIndexController.swift */,
				18E901101FBF60BD0036F5D3 /* HomeController.swift */,
				18FF3AE51FE641E0005156FB /* LoginViewController.swift */,
				18FE44161FED5B9600810E67 /* NavigationController.swift */,
			);
			path = Controllers;
			sourceTree = "<group>";
		};
		1847F31E1FC811C50047DB4D /* Model */ = {
			isa = PBXGroup;
			children = (
				186B4C811FC9F2CB00B85F9C /* PokeCenter.swift */,
				1824DD341FCCAB7900896771 /* ErrorService.swift */,
				1824DD391FCDAA8E00896771 /* PokemonData.swift */,
				1824DD3B1FCDAD8400896771 /* Pokemon.swift */,
			);
			path = Model;
			sourceTree = "<group>";
		};
		1847F31F1FC811D00047DB4D /* SupportingFiles */ = {
			isa = PBXGroup;
			children = (
				18E900FB1FBF5D5E0036F5D3 /* AppDelegate.swift */,
			);
			path = SupportingFiles;
			sourceTree = "<group>";
		};
		185299261FE3F08300844F7A /* Database */ = {
			isa = PBXGroup;
			children = (
				185299271FE3F0AE00844F7A /* DatabaseService.swift */,
			);
			path = Database;
			sourceTree = "<group>";
		};
		18E900EF1FBF5D5E0036F5D3 = {
			isa = PBXGroup;
			children = (
				18E900FA1FBF5D5E0036F5D3 /* CKPokedex */,
				18E900F91FBF5D5E0036F5D3 /* Products */,
				A9AF9355FF4D67A0732FDA41 /* Pods */,
				FEF0A75EE65D7657D35850A4 /* Frameworks */,
			);
			sourceTree = "<group>";
		};
		18E900F91FBF5D5E0036F5D3 /* Products */ = {
			isa = PBXGroup;
			children = (
				18E900F81FBF5D5E0036F5D3 /* CKPokedex.app */,
			);
			name = Products;
			sourceTree = "<group>";
		};
		18E900FA1FBF5D5E0036F5D3 /* CKPokedex */ = {
			isa = PBXGroup;
			children = (
				18FF3AE91FE66110005156FB /* ChildViewControllers */,
				185299261FE3F08300844F7A /* Database */,
				1824DD361FCD717300896771 /* Extensions */,
				1824DD311FCCA96C00896771 /* Networking */,
				1824DD2E1FCCA1D300896771 /* Fonts */,
				1847F31F1FC811D00047DB4D /* SupportingFiles */,
				1847F31E1FC811C50047DB4D /* Model */,
				1847F31D1FC811BF0047DB4D /* Controllers */,
				18E9010D1FBF5FAD0036F5D3 /* Views */,
				18E900FF1FBF5D5E0036F5D3 /* Main.storyboard */,
				18E901021FBF5D5E0036F5D3 /* Assets.xcassets */,
				18E901041FBF5D5E0036F5D3 /* LaunchScreen.storyboard */,
				18E901071FBF5D5E0036F5D3 /* Info.plist */,
			);
			path = CKPokedex;
			sourceTree = "<group>";
		};
		18E9010D1FBF5FAD0036F5D3 /* Views */ = {
			isa = PBXGroup;
			children = (
				18E9010E1FBF5FBC0036F5D3 /* CKPokeCell.swift */,
				1824DD2C1FCC9EBC00896771 /* ValueLabel.swift */,
			);
			path = Views;
			sourceTree = "<group>";
		};
		18FF3AE91FE66110005156FB /* ChildViewControllers */ = {
			isa = PBXGroup;
			children = (
				18FF3AEA1FE66132005156FB /* ActivityIndicatorChildVC.swift */,
				18FF3AEC1FE6618A005156FB /* UIViewController+Extension.swift */,
			);
			path = ChildViewControllers;
			sourceTree = "<group>";
		};
		A9AF9355FF4D67A0732FDA41 /* Pods */ = {
			isa = PBXGroup;
			children = (
				847271E4321B79F35A7D8ABC /* Pods-CKPokedex.debug.xcconfig */,
				1C3B026F87F22FB87B3308AA /* Pods-CKPokedex.release.xcconfig */,
			);
			name = Pods;
			sourceTree = "<group>";
		};
		FEF0A75EE65D7657D35850A4 /* Frameworks */ = {
			isa = PBXGroup;
			children = (
				DA768E5008BBD70866AD5096 /* Pods_CKPokedex.framework */,
			);
			name = Frameworks;
			sourceTree = "<group>";
		};
/* End PBXGroup section */

/* Begin PBXNativeTarget section */
		18E900F71FBF5D5E0036F5D3 /* CKPokedex */ = {
			isa = PBXNativeTarget;
			buildConfigurationList = 18E9010A1FBF5D5E0036F5D3 /* Build configuration list for PBXNativeTarget "CKPokedex" */;
			buildPhases = (
				6E09ED7458E9EFA1AE34832C /* [CP] Check Pods Manifest.lock */,
				18E900F41FBF5D5E0036F5D3 /* Sources */,
				18E900F51FBF5D5E0036F5D3 /* Frameworks */,
				18E900F61FBF5D5E0036F5D3 /* Resources */,
				013BBF69E64E3EA953D66114 /* [CP] Embed Pods Frameworks */,
				F2F613B8EDCDED0D22F5AF4E /* [CP] Copy Pods Resources */,
			);
			buildRules = (
			);
			dependencies = (
			);
			name = CKPokedex;
			productName = CKPokedex;
			productReference = 18E900F81FBF5D5E0036F5D3 /* CKPokedex.app */;
			productType = "com.apple.product-type.application";
		};
/* End PBXNativeTarget section */

/* Begin PBXProject section */
		18E900F01FBF5D5E0036F5D3 /* Project object */ = {
			isa = PBXProject;
			attributes = {
				LastSwiftUpdateCheck = 0910;
				LastUpgradeCheck = 0910;
				ORGANIZATIONNAME = "Christopher Brandon Karani";
				TargetAttributes = {
					18E900F71FBF5D5E0036F5D3 = {
						CreatedOnToolsVersion = 9.1;
						ProvisioningStyle = Automatic;
					};
				};
			};
			buildConfigurationList = 18E900F31FBF5D5E0036F5D3 /* Build configuration list for PBXProject "CKPokedex" */;
			compatibilityVersion = "Xcode 8.0";
			developmentRegion = en;
			hasScannedForEncodings = 0;
			knownRegions = (
				en,
				Base,
			);
			mainGroup = 18E900EF1FBF5D5E0036F5D3;
			productRefGroup = 18E900F91FBF5D5E0036F5D3 /* Products */;
			projectDirPath = "";
			projectRoot = "";
			targets = (
				18E900F71FBF5D5E0036F5D3 /* CKPokedex */,
			);
		};
/* End PBXProject section */

/* Begin PBXResourcesBuildPhase section */
		18E900F61FBF5D5E0036F5D3 /* Resources */ = {
			isa = PBXResourcesBuildPhase;
			buildActionMask = 2147483647;
			files = (
				18E901061FBF5D5E0036F5D3 /* LaunchScreen.storyboard in Resources */,
				18E901031FBF5D5E0036F5D3 /* Assets.xcassets in Resources */,
				1824DD301FCCA1E900896771 /* OCRAStd.otf in Resources */,
				18E901011FBF5D5E0036F5D3 /* Main.storyboard in Resources */,
			);
			runOnlyForDeploymentPostprocessing = 0;
		};
/* End PBXResourcesBuildPhase section */

/* Begin PBXShellScriptBuildPhase section */
		013BBF69E64E3EA953D66114 /* [CP] Embed Pods Frameworks */ = {
			isa = PBXShellScriptBuildPhase;
			buildActionMask = 2147483647;
			files = (
			);
			inputPaths = (
				"${SRCROOT}/Pods/Target Support Files/Pods-CKPokedex/Pods-CKPokedex-frameworks.sh",
				"${BUILT_PRODUCTS_DIR}/Alamofire/Alamofire.framework",
				"${BUILT_PRODUCTS_DIR}/IGListKit/IGListKit.framework",
				"${BUILT_PRODUCTS_DIR}/Kingfisher/Kingfisher.framework",
				"${BUILT_PRODUCTS_DIR}/Realm/Realm.framework",
				"${BUILT_PRODUCTS_DIR}/RealmSwift/RealmSwift.framework",
				"${BUILT_PRODUCTS_DIR}/RxCocoa/RxCocoa.framework",
				"${BUILT_PRODUCTS_DIR}/RxSwift/RxSwift.framework",
				"${BUILT_PRODUCTS_DIR}/SnapKit/SnapKit.framework",
				"${BUILT_PRODUCTS_DIR}/Sukari/Sukari.framework",
				"${BUILT_PRODUCTS_DIR}/SwiftyJSON/SwiftyJSON.framework",
				"${BUILT_PRODUCTS_DIR}/TRON/TRON.framework",
			);
			name = "[CP] Embed Pods Frameworks";
			outputPaths = (
				"${TARGET_BUILD_DIR}/${FRAMEWORKS_FOLDER_PATH}/Alamofire.framework",
				"${TARGET_BUILD_DIR}/${FRAMEWORKS_FOLDER_PATH}/IGListKit.framework",
				"${TARGET_BUILD_DIR}/${FRAMEWORKS_FOLDER_PATH}/Kingfisher.framework",
				"${TARGET_BUILD_DIR}/${FRAMEWORKS_FOLDER_PATH}/Realm.framework",
				"${TARGET_BUILD_DIR}/${FRAMEWORKS_FOLDER_PATH}/RealmSwift.framework",
				"${TARGET_BUILD_DIR}/${FRAMEWORKS_FOLDER_PATH}/RxCocoa.framework",
				"${TARGET_BUILD_DIR}/${FRAMEWORKS_FOLDER_PATH}/RxSwift.framework",
				"${TARGET_BUILD_DIR}/${FRAMEWORKS_FOLDER_PATH}/SnapKit.framework",
				"${TARGET_BUILD_DIR}/${FRAMEWORKS_FOLDER_PATH}/Sukari.framework",
				"${TARGET_BUILD_DIR}/${FRAMEWORKS_FOLDER_PATH}/SwiftyJSON.framework",
				"${TARGET_BUILD_DIR}/${FRAMEWORKS_FOLDER_PATH}/TRON.framework",
			);
			runOnlyForDeploymentPostprocessing = 0;
			shellPath = /bin/sh;
			shellScript = "\"${SRCROOT}/Pods/Target Support Files/Pods-CKPokedex/Pods-CKPokedex-frameworks.sh\"\n";
			showEnvVarsInLog = 0;
		};
		6E09ED7458E9EFA1AE34832C /* [CP] Check Pods Manifest.lock */ = {
			isa = PBXShellScriptBuildPhase;
			buildActionMask = 2147483647;
			files = (
			);
			inputPaths = (
				"${PODS_PODFILE_DIR_PATH}/Podfile.lock",
				"${PODS_ROOT}/Manifest.lock",
			);
			name = "[CP] Check Pods Manifest.lock";
			outputPaths = (
				"$(DERIVED_FILE_DIR)/Pods-CKPokedex-checkManifestLockResult.txt",
			);
			runOnlyForDeploymentPostprocessing = 0;
			shellPath = /bin/sh;
			shellScript = "diff \"${PODS_PODFILE_DIR_PATH}/Podfile.lock\" \"${PODS_ROOT}/Manifest.lock\" > /dev/null\nif [ $? != 0 ] ; then\n    # print error to STDERR\n    echo \"error: The sandbox is not in sync with the Podfile.lock. Run 'pod install' or update your CocoaPods installation.\" >&2\n    exit 1\nfi\n# This output is used by Xcode 'outputs' to avoid re-running this script phase.\necho \"SUCCESS\" > \"${SCRIPT_OUTPUT_FILE_0}\"\n";
			showEnvVarsInLog = 0;
		};
		F2F613B8EDCDED0D22F5AF4E /* [CP] Copy Pods Resources */ = {
			isa = PBXShellScriptBuildPhase;
			buildActionMask = 2147483647;
			files = (
			);
			inputPaths = (
			);
			name = "[CP] Copy Pods Resources";
			outputPaths = (
			);
			runOnlyForDeploymentPostprocessing = 0;
			shellPath = /bin/sh;
			shellScript = "\"${SRCROOT}/Pods/Target Support Files/Pods-CKPokedex/Pods-CKPokedex-resources.sh\"\n";
			showEnvVarsInLog = 0;
		};
/* End PBXShellScriptBuildPhase section */

/* Begin PBXSourcesBuildPhase section */
		18E900F41FBF5D5E0036F5D3 /* Sources */ = {
			isa = PBXSourcesBuildPhase;
			buildActionMask = 2147483647;
			files = (
				1824DD3A1FCDAA8E00896771 /* PokemonData.swift in Sources */,
				1824DD351FCCAB7900896771 /* ErrorService.swift in Sources */,
				182A2B8B1FCDE3C500784361 /* String + Extension.swift in Sources */,
				1847F3211FC812140047DB4D /* CKPokemonIndexController.swift in Sources */,
				18FF3AE81FE64D00005156FB /* UIColor+Extension.swift in Sources */,
				1824DD381FCD718700896771 /* NSObject+Extension.swift in Sources */,
				186B4C821FC9F2CB00B85F9C /* PokeCenter.swift in Sources */,
				185299281FE3F0AE00844F7A /* DatabaseService.swift in Sources */,
				18FF3AED1FE6618A005156FB /* UIViewController+Extension.swift in Sources */,
				18E901111FBF60BD0036F5D3 /* HomeController.swift in Sources */,
				18E8D87F1FE72D0000C2D37A /* Userdefaults+Extensions.swift in Sources */,
				1824DD3C1FCDAD8400896771 /* Pokemon.swift in Sources */,
				18E900FC1FBF5D5E0036F5D3 /* AppDelegate.swift in Sources */,
				1824DD2D1FCC9EBC00896771 /* ValueLabel.swift in Sources */,
				18FF3AEB1FE66132005156FB /* ActivityIndicatorChildVC.swift in Sources */,
				18E9010F1FBF5FBC0036F5D3 /* CKPokeCell.swift in Sources */,
				18FF3AE61FE641E0005156FB /* LoginViewController.swift in Sources */,
				1824DD401FCDB07A00896771 /* Path.swift in Sources */,
				1824DD3E1FCDB03D00896771 /* PokemonNetwork.swift in Sources */,
				18FE44171FED5B9700810E67 /* NavigationController.swift in Sources */,
				1824DD331FCCA97B00896771 /* NetworkService.swift in Sources */,
			);
			runOnlyForDeploymentPostprocessing = 0;
		};
/* End PBXSourcesBuildPhase section */

/* Begin PBXVariantGroup section */
		18E900FF1FBF5D5E0036F5D3 /* Main.storyboard */ = {
			isa = PBXVariantGroup;
			children = (
				18E901001FBF5D5E0036F5D3 /* Base */,
			);
			name = Main.storyboard;
			sourceTree = "<group>";
		};
		18E901041FBF5D5E0036F5D3 /* LaunchScreen.storyboard */ = {
			isa = PBXVariantGroup;
			children = (
				18E901051FBF5D5E0036F5D3 /* Base */,
			);
			name = LaunchScreen.storyboard;
			sourceTree = "<group>";
		};
/* End PBXVariantGroup section */

/* Begin XCBuildConfiguration section */
		18E901081FBF5D5E0036F5D3 /* Debug */ = {
			isa = XCBuildConfiguration;
			buildSettings = {
				ALWAYS_SEARCH_USER_PATHS = NO;
				CLANG_ANALYZER_NONNULL = YES;
				CLANG_ANALYZER_NUMBER_OBJECT_CONVERSION = YES_AGGRESSIVE;
				CLANG_CXX_LANGUAGE_STANDARD = "gnu++14";
				CLANG_CXX_LIBRARY = "libc++";
				CLANG_ENABLE_MODULES = YES;
				CLANG_ENABLE_OBJC_ARC = YES;
				CLANG_WARN_BLOCK_CAPTURE_AUTORELEASING = YES;
				CLANG_WARN_BOOL_CONVERSION = YES;
				CLANG_WARN_COMMA = YES;
				CLANG_WARN_CONSTANT_CONVERSION = YES;
				CLANG_WARN_DIRECT_OBJC_ISA_USAGE = YES_ERROR;
				CLANG_WARN_DOCUMENTATION_COMMENTS = YES;
				CLANG_WARN_EMPTY_BODY = YES;
				CLANG_WARN_ENUM_CONVERSION = YES;
				CLANG_WARN_INFINITE_RECURSION = YES;
				CLANG_WARN_INT_CONVERSION = YES;
				CLANG_WARN_NON_LITERAL_NULL_CONVERSION = YES;
				CLANG_WARN_OBJC_LITERAL_CONVERSION = YES;
				CLANG_WARN_OBJC_ROOT_CLASS = YES_ERROR;
				CLANG_WARN_RANGE_LOOP_ANALYSIS = YES;
				CLANG_WARN_STRICT_PROTOTYPES = YES;
				CLANG_WARN_SUSPICIOUS_MOVE = YES;
				CLANG_WARN_UNGUARDED_AVAILABILITY = YES_AGGRESSIVE;
				CLANG_WARN_UNREACHABLE_CODE = YES;
				CLANG_WARN__DUPLICATE_METHOD_MATCH = YES;
				CODE_SIGN_IDENTITY = "iPhone Developer";
				COPY_PHASE_STRIP = NO;
				DEBUG_INFORMATION_FORMAT = dwarf;
				ENABLE_STRICT_OBJC_MSGSEND = YES;
				ENABLE_TESTABILITY = YES;
				GCC_C_LANGUAGE_STANDARD = gnu11;
				GCC_DYNAMIC_NO_PIC = NO;
				GCC_NO_COMMON_BLOCKS = YES;
				GCC_OPTIMIZATION_LEVEL = 0;
				GCC_PREPROCESSOR_DEFINITIONS = (
					"DEBUG=1",
					"$(inherited)",
				);
				GCC_WARN_64_TO_32_BIT_CONVERSION = YES;
				GCC_WARN_ABOUT_RETURN_TYPE = YES_ERROR;
				GCC_WARN_UNDECLARED_SELECTOR = YES;
				GCC_WARN_UNINITIALIZED_AUTOS = YES_AGGRESSIVE;
				GCC_WARN_UNUSED_FUNCTION = YES;
				GCC_WARN_UNUSED_VARIABLE = YES;
				IPHONEOS_DEPLOYMENT_TARGET = 11.1;
				MTL_ENABLE_DEBUG_INFO = YES;
				ONLY_ACTIVE_ARCH = YES;
				SDKROOT = iphoneos;
				SWIFT_ACTIVE_COMPILATION_CONDITIONS = DEBUG;
				SWIFT_OPTIMIZATION_LEVEL = "-Onone";
			};
			name = Debug;
		};
		18E901091FBF5D5E0036F5D3 /* Release */ = {
			isa = XCBuildConfiguration;
			buildSettings = {
				ALWAYS_SEARCH_USER_PATHS = NO;
				CLANG_ANALYZER_NONNULL = YES;
				CLANG_ANALYZER_NUMBER_OBJECT_CONVERSION = YES_AGGRESSIVE;
				CLANG_CXX_LANGUAGE_STANDARD = "gnu++14";
				CLANG_CXX_LIBRARY = "libc++";
				CLANG_ENABLE_MODULES = YES;
				CLANG_ENABLE_OBJC_ARC = YES;
				CLANG_WARN_BLOCK_CAPTURE_AUTORELEASING = YES;
				CLANG_WARN_BOOL_CONVERSION = YES;
				CLANG_WARN_COMMA = YES;
				CLANG_WARN_CONSTANT_CONVERSION = YES;
				CLANG_WARN_DIRECT_OBJC_ISA_USAGE = YES_ERROR;
				CLANG_WARN_DOCUMENTATION_COMMENTS = YES;
				CLANG_WARN_EMPTY_BODY = YES;
				CLANG_WARN_ENUM_CONVERSION = YES;
				CLANG_WARN_INFINITE_RECURSION = YES;
				CLANG_WARN_INT_CONVERSION = YES;
				CLANG_WARN_NON_LITERAL_NULL_CONVERSION = YES;
				CLANG_WARN_OBJC_LITERAL_CONVERSION = YES;
				CLANG_WARN_OBJC_ROOT_CLASS = YES_ERROR;
				CLANG_WARN_RANGE_LOOP_ANALYSIS = YES;
				CLANG_WARN_STRICT_PROTOTYPES = YES;
				CLANG_WARN_SUSPICIOUS_MOVE = YES;
				CLANG_WARN_UNGUARDED_AVAILABILITY = YES_AGGRESSIVE;
				CLANG_WARN_UNREACHABLE_CODE = YES;
				CLANG_WARN__DUPLICATE_METHOD_MATCH = YES;
				CODE_SIGN_IDENTITY = "iPhone Developer";
				COPY_PHASE_STRIP = NO;
				DEBUG_INFORMATION_FORMAT = "dwarf-with-dsym";
				ENABLE_NS_ASSERTIONS = NO;
				ENABLE_STRICT_OBJC_MSGSEND = YES;
				GCC_C_LANGUAGE_STANDARD = gnu11;
				GCC_NO_COMMON_BLOCKS = YES;
				GCC_WARN_64_TO_32_BIT_CONVERSION = YES;
				GCC_WARN_ABOUT_RETURN_TYPE = YES_ERROR;
				GCC_WARN_UNDECLARED_SELECTOR = YES;
				GCC_WARN_UNINITIALIZED_AUTOS = YES_AGGRESSIVE;
				GCC_WARN_UNUSED_FUNCTION = YES;
				GCC_WARN_UNUSED_VARIABLE = YES;
				IPHONEOS_DEPLOYMENT_TARGET = 11.1;
				MTL_ENABLE_DEBUG_INFO = NO;
				SDKROOT = iphoneos;
				SWIFT_OPTIMIZATION_LEVEL = "-Owholemodule";
				VALIDATE_PRODUCT = YES;
			};
			name = Release;
		};
		18E9010B1FBF5D5E0036F5D3 /* Debug */ = {
			isa = XCBuildConfiguration;
			baseConfigurationReference = 847271E4321B79F35A7D8ABC /* Pods-CKPokedex.debug.xcconfig */;
			buildSettings = {
				ASSETCATALOG_COMPILER_APPICON_NAME = AppIcon;
				CODE_SIGN_STYLE = Automatic;
				DEVELOPMENT_TEAM = BTSZ26LN83;
				INFOPLIST_FILE = CKPokedex/Info.plist;
				IPHONEOS_DEPLOYMENT_TARGET = 11;
				LD_RUNPATH_SEARCH_PATHS = "$(inherited) @executable_path/Frameworks";
				PRODUCT_BUNDLE_IDENTIFIER = com.cbk.CKPokedex;
				PRODUCT_NAME = "$(TARGET_NAME)";
				SWIFT_VERSION = 4.0;
				TARGETED_DEVICE_FAMILY = "1,2";
			};
			name = Debug;
		};
		18E9010C1FBF5D5E0036F5D3 /* Release */ = {
			isa = XCBuildConfiguration;
			baseConfigurationReference = 1C3B026F87F22FB87B3308AA /* Pods-CKPokedex.release.xcconfig */;
			buildSettings = {
				ASSETCATALOG_COMPILER_APPICON_NAME = AppIcon;
				CODE_SIGN_STYLE = Automatic;
				DEVELOPMENT_TEAM = BTSZ26LN83;
				INFOPLIST_FILE = CKPokedex/Info.plist;
				IPHONEOS_DEPLOYMENT_TARGET = 11;
				LD_RUNPATH_SEARCH_PATHS = "$(inherited) @executable_path/Frameworks";
				PRODUCT_BUNDLE_IDENTIFIER = com.cbk.CKPokedex;
				PRODUCT_NAME = "$(TARGET_NAME)";
				SWIFT_VERSION = 4.0;
				TARGETED_DEVICE_FAMILY = "1,2";
			};
			name = Release;
		};
/* End XCBuildConfiguration section */

/* Begin XCConfigurationList section */
		18E900F31FBF5D5E0036F5D3 /* Build configuration list for PBXProject "CKPokedex" */ = {
			isa = XCConfigurationList;
			buildConfigurations = (
				18E901081FBF5D5E0036F5D3 /* Debug */,
				18E901091FBF5D5E0036F5D3 /* Release */,
			);
			defaultConfigurationIsVisible = 0;
			defaultConfigurationName = Release;
		};
		18E9010A1FBF5D5E0036F5D3 /* Build configuration list for PBXNativeTarget "CKPokedex" */ = {
			isa = XCConfigurationList;
			buildConfigurations = (
				18E9010B1FBF5D5E0036F5D3 /* Debug */,
				18E9010C1FBF5D5E0036F5D3 /* Release */,
			);
			defaultConfigurationIsVisible = 0;
			defaultConfigurationName = Release;
		};
/* End XCConfigurationList section */
	};
	rootObject = 18E900F01FBF5D5E0036F5D3 /* Project object */;
}
